
Microsoft Visual Studio Solution File, Format Version 12.00
# Visual Studio Version 17
VisualStudioVersion = 17.5.33530.505
MinimumVisualStudioVersion = 10.0.40219.1
Project("{9A19103F-16F7-4668-BE54-9A1E7A4F7556}") = "JsonFilesFixerWorkingEdition", "JsonFilesFixerWorkingEdition\JsonFilesFixerWorkingEdition.csproj", "{D0D6A923-F790-4524-A4C0-C8CE9A26D2EA}"
EndProject
Global
	GlobalSection(SolutionConfigurationPlatforms) = preSolution
		Debug|Any CPU = Debug|Any CPU
		Debug|x64 = Debug|x64
		Release|Any CPU = Release|Any CPU
		Release|x64 = Release|x64
	EndGlobalSection
	GlobalSection(ProjectConfigurationPlatforms) = postSolution
		{D0D6A923-F790-4524-A4C0-C8CE9A26D2EA}.Debug|Any CPU.ActiveCfg = Debug|Any CPU
		{D0D6A923-F790-4524-A4C0-C8CE9A26D2EA}.Debug|Any CPU.Build.0 = Debug|Any CPU
		{D0D6A923-F790-4524-A4C0-C8CE9A26D2EA}.Debug|x64.ActiveCfg = Debug|x64
		{D0D6A923-F790-4524-A4C0-C8CE9A26D2EA}.Debug|x64.Build.0 = Debug|x64
		{D0D6A923-F790-4524-A4C0-C8CE9A26D2EA}.Release|Any CPU.ActiveCfg = Release|Any CPU
		{D0D6A923-F790-4524-A4C0-C8CE9A26D2EA}.Release|Any CPU.Build.0 = Release|Any CPU
		{D0D6A923-F790-4524-A4C0-C8CE9A26D2EA}.Release|x64.ActiveCfg = Release|x64
		{D0D6A923-F790-4524-A4C0-C8CE9A26D2EA}.Release|x64.Build.0 = Release|x64
	EndGlobalSection
	GlobalSection(SolutionProperties) = preSolution
		HideSolutionNode = FALSE
	EndGlobalSection
	GlobalSection(ExtensibilityGlobals) = postSolution
		SolutionGuid = {98B0C6E5-D845-4846-8DCE-1BBE212EA100}
	EndGlobalSection
EndGlobal
